<?xml version="1.0" encoding="utf-8"?>
<Project ToolsVersion="4.0" xmlns="http://schemas.microsoft.com/developer/msbuild/2003">
  <ItemGroup>
    <Filter Include="Source Files">
      <UniqueIdentifier>{4FC737F1-C7A5-4376-A066-2A32D752A2FF}</UniqueIdentifier>
      <Extensions>cpp;c;cc;cxx;def;odl;idl;hpj;bat;asm;asmx</Extensions>
    </Filter>
    <Filter Include="Header Files">
      <UniqueIdentifier>{93995380-89BD-4b04-88EB-625FBE52EBFB}</UniqueIdentifier>
      <Extensions>h;hh;hpp;hxx;hm;inl;inc;ipp;xsd</Extensions>
    </Filter>
    <Filter Include="Resource Files">
      <UniqueIdentifier>{67DA6AB6-F800-4c08-8B7A-83BB121AAD01}</UniqueIdentifier>
      <Extensions>rc;ico;cur;bmp;dlg;rc2;rct;bin;rgs;gif;jpg;jpeg;jpe;resx;tiff;tif;png;wav;mfcribbon-ms</Extensions>
    </Filter>
    <Filter Include="GameObject">
      <UniqueIdentifier>{67996bad-c81b-4628-b02c-96074629b361}</UniqueIdentifier>
    </Filter>
    <Filter Include="GameObject\Enemies">
      <UniqueIdentifier>{d84f568b-6fd9-4ac2-97b3-980019ff68ec}</UniqueIdentifier>
    </Filter>
    <Filter Include="GameObject\Player">
      <UniqueIdentifier>{9c552a0d-b1d9-4f95-8735-a03348ca2711}</UniqueIdentifier>
    </Filter>
    <Filter Include="GameObject\Map Object">
      <UniqueIdentifier>{97fb671a-304d-4241-a42e-31986c94018c}</UniqueIdentifier>
    </Filter>
    <Filter Include="GameObject\Weapon">
      <UniqueIdentifier>{0e05bd4f-b213-4b07-9a7d-daf1c0a930ea}</UniqueIdentifier>
    </Filter>
    <Filter Include="Animation">
      <UniqueIdentifier>{aa6bec9e-15a7-474d-9093-4fe846585174}</UniqueIdentifier>
    </Filter>
    <Filter Include="Scence">
      <UniqueIdentifier>{09f25870-24ad-41e7-b318-9e8ef366b02c}</UniqueIdentifier>
    </Filter>
    <Filter Include="Map">
      <UniqueIdentifier>{86735e3a-bb1b-4dab-a60f-6e30ce3393d4}</UniqueIdentifier>
    </Filter>
    <Filter Include="GameObject\Items">
      <UniqueIdentifier>{35b2610d-83c6-451c-a5c1-064f730dfe8d}</UniqueIdentifier>
    </Filter>
    <Filter Include="GameObject\Effects">
      <UniqueIdentifier>{f46f03d8-2a4c-4794-a96d-804c4c2c1685}</UniqueIdentifier>
    </Filter>
    <Filter Include="GameObject\ScoreBoard">
      <UniqueIdentifier>{32e85c81-d521-4f17-9d68-d6b67493219b}</UniqueIdentifier>
    </Filter>
    <Filter Include="GameObject\Grid">
      <UniqueIdentifier>{818116ce-6330-4690-b94c-c670f4454880}</UniqueIdentifier>
    </Filter>
    <Filter Include="GameObject\Intro">
      <UniqueIdentifier>{6b99e097-f4ba-474d-be69-1c39f4139c52}</UniqueIdentifier>
    </Filter>
  </ItemGroup>
  <ItemGroup>
    <ClCompile Include="main.cpp">
      <Filter>Source Files</Filter>
    </ClCompile>
    <ClCompile Include="Game.cpp">
      <Filter>Source Files</Filter>
    </ClCompile>
    <ClCompile Include="Utils.cpp">
      <Filter>Source Files</Filter>
    </ClCompile>
    <ClCompile Include="Brick.cpp">
      <Filter>GameObject\Map Object</Filter>
    </ClCompile>
    <ClCompile Include="CloudBrick.cpp">
      <Filter>GameObject\Map Object</Filter>
    </ClCompile>
    <ClCompile Include="WeakBrick.cpp">
      <Filter>GameObject\Map Object</Filter>
    </ClCompile>
    <ClCompile Include="QuestionBrick.cpp">
      <Filter>GameObject\Map Object</Filter>
    </ClCompile>
    <ClCompile Include="Flower.cpp">
      <Filter>GameObject\Enemies</Filter>
    </ClCompile>
    <ClCompile Include="Goomba.cpp">
      <Filter>GameObject\Enemies</Filter>
    </ClCompile>
    <ClCompile Include="Koopas.cpp">
      <Filter>GameObject\Enemies</Filter>
    </ClCompile>
    <ClCompile Include="Mario.cpp">
      <Filter>GameObject\Player</Filter>
    </ClCompile>
    <ClCompile Include="MarioGeneral.cpp">
      <Filter>GameObject\Player</Filter>
    </ClCompile>
    <ClCompile Include="ColorBox.cpp">
      <Filter>GameObject\Map Object</Filter>
    </ClCompile>
    <ClCompile Include="Ground.cpp">
      <Filter>GameObject\Map Object</Filter>
    </ClCompile>
    <ClCompile Include="Pipe.cpp">
      <Filter>GameObject\Map Object</Filter>
    </ClCompile>
    <ClCompile Include="Bullet.cpp">
      <Filter>GameObject\Weapon</Filter>
    </ClCompile>
    <ClCompile Include="GameObject.cpp">
      <Filter>GameObject</Filter>
    </ClCompile>
    <ClCompile Include="Animations.cpp">
      <Filter>Animation</Filter>
    </ClCompile>
    <ClCompile Include="Sprites.cpp">
      <Filter>Animation</Filter>
    </ClCompile>
    <ClCompile Include="Textures.cpp">
      <Filter>Animation</Filter>
    </ClCompile>
    <ClCompile Include="PlayScence.cpp">
      <Filter>Scence</Filter>
    </ClCompile>
    <ClCompile Include="Scence.cpp">
      <Filter>Scence</Filter>
    </ClCompile>
    <ClCompile Include="Tail.cpp">
      <Filter>GameObject\Weapon</Filter>
    </ClCompile>
    <ClCompile Include="TileMap.cpp">
      <Filter>Map</Filter>
    </ClCompile>
    <ClCompile Include="KoopasGeneral.cpp">
      <Filter>GameObject\Enemies</Filter>
    </ClCompile>
    <ClCompile Include="GoombaGeneral.cpp">
      <Filter>GameObject\Enemies</Filter>
    </ClCompile>
    <ClCompile Include="FireBall.cpp">
      <Filter>GameObject\Enemies</Filter>
    </ClCompile>
    <ClCompile Include="Weapon.cpp">
      <Filter>GameObject\Weapon</Filter>
    </ClCompile>
    <ClCompile Include="Enemy.cpp">
      <Filter>GameObject\Enemies</Filter>
    </ClCompile>
    <ClCompile Include="Portal.cpp">
      <Filter>GameObject\Map Object</Filter>
    </ClCompile>
    <ClCompile Include="Item.cpp">
      <Filter>GameObject\Items</Filter>
    </ClCompile>
    <ClCompile Include="Mushroom.cpp">
      <Filter>GameObject\Items</Filter>
    </ClCompile>
    <ClCompile Include="LeafTree.cpp">
      <Filter>GameObject\Items</Filter>
    </ClCompile>
    <ClCompile Include="Coin.cpp">
      <Filter>GameObject\Items</Filter>
    </ClCompile>
    <ClCompile Include="ExplosiveEffect.cpp">
      <Filter>GameObject\Effects</Filter>
    </ClCompile>
    <ClCompile Include="ImpactEffect.cpp">
      <Filter>GameObject\Effects</Filter>
    </ClCompile>
    <ClCompile Include="Effect.cpp">
      <Filter>GameObject\Effects</Filter>
    </ClCompile>
    <ClCompile Include="Camera.cpp">
      <Filter>Source Files</Filter>
    </ClCompile>
    <ClCompile Include="ScoreEffect.cpp">
      <Filter>GameObject\Effects</Filter>
    </ClCompile>
    <ClCompile Include="PieceBrickEffect.cpp">
      <Filter>GameObject\Effects</Filter>
    </ClCompile>
    <ClCompile Include="Switch_P.cpp">
      <Filter>GameObject\Items</Filter>
    </ClCompile>
    <ClCompile Include="ScoreBoard.cpp">
      <Filter>GameObject\ScoreBoard</Filter>
    </ClCompile>
    <ClCompile Include="HUD.cpp">
      <Filter>GameObject\ScoreBoard</Filter>
    </ClCompile>
    <ClCompile Include="Number.cpp">
      <Filter>GameObject\ScoreBoard</Filter>
    </ClCompile>
    <ClCompile Include="Energy.cpp">
      <Filter>GameObject\ScoreBoard</Filter>
    </ClCompile>
    <ClCompile Include="P_MaxSpeed.cpp">
      <Filter>GameObject\ScoreBoard</Filter>
    </ClCompile>
    <ClCompile Include="Tree.cpp">
      <Filter>Source Files</Filter>
    </ClCompile>
    <ClCompile Include="PitStop.cpp">
      <Filter>Source Files</Filter>
    </ClCompile>
    <ClCompile Include="ItemEndGame.cpp">
      <Filter>GameObject\Items</Filter>
    </ClCompile>
    <ClCompile Include="OneUpEffect.cpp">
      <Filter>GameObject\Effects</Filter>
    </ClCompile>
    <ClCompile Include="EffectEndScence.cpp">
      <Filter>GameObject\Effects</Filter>
    </ClCompile>
    <ClCompile Include="Text.cpp">
      <Filter>Source Files</Filter>
    </ClCompile>
    <ClCompile Include="Grid.cpp">
      <Filter>GameObject\Grid</Filter>
    </ClCompile>
    <ClCompile Include="MovingWood.cpp">
      <Filter>GameObject\Map Object</Filter>
    </ClCompile>
    <ClCompile Include="KoopasAI.cpp">
      <Filter>Source Files</Filter>
    </ClCompile>
    <ClCompile Include="Bomerang.cpp">
      <Filter>GameObject\Enemies</Filter>
    </ClCompile>
    <ClCompile Include="BomerangBrother.cpp">
      <Filter>Source Files</Filter>
    </ClCompile>
    <ClCompile Include="SelectionEffect.cpp">
      <Filter>GameObject\Effects</Filter>
    </ClCompile>
    <ClCompile Include="Number3.cpp">
      <Filter>GameObject\Intro</Filter>
    </ClCompile>
    <ClCompile Include="NewGame.cpp">
      <Filter>GameObject\Intro</Filter>
    </ClCompile>
    <ClCompile Include="BackGroundIntro.cpp">
      <Filter>GameObject\Intro</Filter>
    </ClCompile>
  </ItemGroup>
  <ItemGroup>
    <ClInclude Include="Game.h">
      <Filter>Header Files</Filter>
    </ClInclude>
    <ClInclude Include="Utils.h">
      <Filter>Header Files</Filter>
    </ClInclude>
    <ClInclude Include="Brick.h">
      <Filter>GameObject\Map Object</Filter>
    </ClInclude>
    <ClInclude Include="WeakBrick.h">
      <Filter>GameObject\Map Object</Filter>
    </ClInclude>
    <ClInclude Include="CloudBrick.h">
      <Filter>GameObject\Map Object</Filter>
    </ClInclude>
    <ClInclude Include="QuestionBrick.h">
      <Filter>GameObject\Map Object</Filter>
    </ClInclude>
    <ClInclude Include="Flower.h">
      <Filter>GameObject\Enemies</Filter>
    </ClInclude>
    <ClInclude Include="Goomba.h">
      <Filter>GameObject\Enemies</Filter>
    </ClInclude>
    <ClInclude Include="Koopas.h">
      <Filter>GameObject\Enemies</Filter>
    </ClInclude>
    <ClInclude Include="Mario.h">
      <Filter>GameObject\Player</Filter>
    </ClInclude>
    <ClInclude Include="MarioGeneral.h">
      <Filter>GameObject\Player</Filter>
    </ClInclude>
    <ClInclude Include="ColorBox.h">
      <Filter>GameObject\Map Object</Filter>
    </ClInclude>
    <ClInclude Include="Ground.h">
      <Filter>GameObject\Map Object</Filter>
    </ClInclude>
    <ClInclude Include="Pipe.h">
      <Filter>GameObject\Map Object</Filter>
    </ClInclude>
    <ClInclude Include="Bullet.h">
      <Filter>GameObject\Weapon</Filter>
    </ClInclude>
    <ClInclude Include="GameObject.h">
      <Filter>GameObject</Filter>
    </ClInclude>
    <ClInclude Include="Animations.h">
      <Filter>Animation</Filter>
    </ClInclude>
    <ClInclude Include="Textures.h">
      <Filter>Animation</Filter>
    </ClInclude>
    <ClInclude Include="Sprites.h">
      <Filter>Animation</Filter>
    </ClInclude>
    <ClInclude Include="Scence.h">
      <Filter>Scence</Filter>
    </ClInclude>
    <ClInclude Include="PlayScence.h">
      <Filter>Scence</Filter>
    </ClInclude>
    <ClInclude Include="Tail.h">
      <Filter>GameObject\Weapon</Filter>
    </ClInclude>
    <ClInclude Include="TileMap.h">
      <Filter>Map</Filter>
    </ClInclude>
    <ClInclude Include="KoopasGeneral.h">
      <Filter>GameObject\Enemies</Filter>
    </ClInclude>
    <ClInclude Include="GoombaGeneral.h">
      <Filter>GameObject\Enemies</Filter>
    </ClInclude>
    <ClInclude Include="Weapon.h">
      <Filter>GameObject\Weapon</Filter>
    </ClInclude>
    <ClInclude Include="Enemy.h">
      <Filter>GameObject\Enemies</Filter>
    </ClInclude>
    <ClInclude Include="Portal.h">
      <Filter>GameObject\Map Object</Filter>
    </ClInclude>
    <ClInclude Include="Item.h">
      <Filter>GameObject\Items</Filter>
    </ClInclude>
    <ClInclude Include="Mushroom.h">
      <Filter>GameObject\Items</Filter>
    </ClInclude>
    <ClInclude Include="LeafTree.h">
      <Filter>GameObject\Items</Filter>
    </ClInclude>
    <ClInclude Include="Coin.h">
      <Filter>GameObject\Items</Filter>
    </ClInclude>
    <ClInclude Include="ExplosiveEffect.h">
      <Filter>GameObject\Effects</Filter>
    </ClInclude>
    <ClInclude Include="ImpactEffect.h">
      <Filter>GameObject\Effects</Filter>
    </ClInclude>
    <ClInclude Include="Effect.h">
      <Filter>GameObject\Effects</Filter>
    </ClInclude>
    <ClInclude Include="Camera.h">
      <Filter>Header Files</Filter>
    </ClInclude>
    <ClInclude Include="FireBall.h">
      <Filter>GameObject\Enemies</Filter>
    </ClInclude>
    <ClInclude Include="define.h">
      <Filter>Header Files</Filter>
    </ClInclude>
    <ClInclude Include="ScoreEffect.h">
      <Filter>GameObject\Effects</Filter>
    </ClInclude>
    <ClInclude Include="PieceBrickEffect.h">
      <Filter>GameObject\Effects</Filter>
    </ClInclude>
    <ClInclude Include="Switch_P.h">
      <Filter>GameObject\Items</Filter>
    </ClInclude>
    <ClInclude Include="ScoreBoard.h">
      <Filter>GameObject\ScoreBoard</Filter>
    </ClInclude>
    <ClInclude Include="HUD.h">
      <Filter>GameObject\ScoreBoard</Filter>
    </ClInclude>
    <ClInclude Include="Number.h">
      <Filter>GameObject\ScoreBoard</Filter>
    </ClInclude>
    <ClInclude Include="Energy.h">
      <Filter>GameObject\ScoreBoard</Filter>
    </ClInclude>
    <ClInclude Include="P_MaxSpeed.h">
      <Filter>GameObject\ScoreBoard</Filter>
    </ClInclude>
    <ClInclude Include="Tree.h">
      <Filter>Header Files</Filter>
    </ClInclude>
    <ClInclude Include="PitStop.h">
      <Filter>Header Files</Filter>
    </ClInclude>
    <ClInclude Include="ItemEndGame.h">
      <Filter>GameObject\Items</Filter>
    </ClInclude>
    <ClInclude Include="KeyEventHandler.h">
      <Filter>Header Files</Filter>
    </ClInclude>
    <ClInclude Include="OneUpEffect.h">
      <Filter>GameObject\Effects</Filter>
    </ClInclude>
    <ClInclude Include="EffectEndScence.h">
      <Filter>GameObject\Effects</Filter>
    </ClInclude>
    <ClInclude Include="Text.h">
      <Filter>Header Files</Filter>
    </ClInclude>
    <ClInclude Include="MovingWood.h">
      <Filter>Header Files</Filter>
    </ClInclude>
    <ClInclude Include="Grid.h">
      <Filter>GameObject\Grid</Filter>
    </ClInclude>
    <ClInclude Include="KoopasAI.h">
      <Filter>Header Files</Filter>
    </ClInclude>
    <ClInclude Include="Bomerang.h">
      <Filter>GameObject\Enemies</Filter>
    </ClInclude>
    <ClInclude Include="BomerangBrother.h">
      <Filter>Header Files</Filter>
    </ClInclude>
    <ClInclude Include="SelectionEffect.h">
      <Filter>Header Files</Filter>
    </ClInclude>
    <ClInclude Include="Number3.h">
      <Filter>GameObject\Intro</Filter>
    </ClInclude>
    <ClInclude Include="NewGame.h">
      <Filter>GameObject\Intro</Filter>
    </ClInclude>
    <ClInclude Include="BackGroundIntro.h">
      <Filter>GameObject\Intro</Filter>
    </ClInclude>
  </ItemGroup>
</Project>